// !$*UTF8*$!
{
	archiveVersion = 1;
	classes = {
	};
	objectVersion = 51;
	objects = {

/* Begin PBXBuildFile section */
		7207BFBDA5FDD648605D67B0 /* Pods_ArtistSocialMedia.framework in Frameworks */ = {isa = PBXBuildFile; fileRef = 9DC696735D879E35E1D3CB0F /* Pods_ArtistSocialMedia.framework */; };
		7FCA44B00BDCA41C3105B806 /* Pods_ArtistSocialMediaTests.framework in Frameworks */ = {isa = PBXBuildFile; fileRef = 94D925BFB03BA5FBC5BA6B99 /* Pods_ArtistSocialMediaTests.framework */; };
		C6276929252E465D003657A1 /* GoogleService-Info.plist in Resources */ = {isa = PBXBuildFile; fileRef = C6276928252E465D003657A1 /* GoogleService-Info.plist */; };
		C62ECEA6253DFD2E008F505E /* PostCell.swift in Sources */ = {isa = PBXBuildFile; fileRef = C62ECEA5253DFD2E008F505E /* PostCell.swift */; };
		C62ECEA8253DFD41008F505E /* PostCell.xib in Resources */ = {isa = PBXBuildFile; fileRef = C62ECEA7253DFD41008F505E /* PostCell.xib */; };
		C62ECEAC253E02CE008F505E /* CreatePostViewController.swift in Sources */ = {isa = PBXBuildFile; fileRef = C62ECEAB253E02CE008F505E /* CreatePostViewController.swift */; };
		C62ECEAE253E02E2008F505E /* Post.swift in Sources */ = {isa = PBXBuildFile; fileRef = C62ECEAD253E02E2008F505E /* Post.swift */; };
		C62ECEB0253E02EA008F505E /* User.swift in Sources */ = {isa = PBXBuildFile; fileRef = C62ECEAF253E02EA008F505E /* User.swift */; };
		C62ECEB2253E02F5008F505E /* Opportunity.swift in Sources */ = {isa = PBXBuildFile; fileRef = C62ECEB1253E02F5008F505E /* Opportunity.swift */; };
		C62ECEB6253E05F9008F505E /* AuthenticationSession.swift in Sources */ = {isa = PBXBuildFile; fileRef = C62ECEB5253E05F9008F505E /* AuthenticationSession.swift */; };
		C62ECEB8253E0610008F505E /* DatabaseService.swift in Sources */ = {isa = PBXBuildFile; fileRef = C62ECEB7253E0610008F505E /* DatabaseService.swift */; };
		C62ECEBA253E0626008F505E /* UserDatabaseSession.swift in Sources */ = {isa = PBXBuildFile; fileRef = C62ECEB9253E0626008F505E /* UserDatabaseSession.swift */; };
		C62ECEBC253E0637008F505E /* PostDatabaseSession.swift in Sources */ = {isa = PBXBuildFile; fileRef = C62ECEBB253E0637008F505E /* PostDatabaseSession.swift */; };
		C62ECEBE253E0673008F505E /* OpportunityDatabaseSession.swift in Sources */ = {isa = PBXBuildFile; fileRef = C62ECEBD253E0673008F505E /* OpportunityDatabaseSession.swift */; };
		C62ECEC0253E0E34008F505E /* Resource.swift in Sources */ = {isa = PBXBuildFile; fileRef = C62ECEBF253E0E34008F505E /* Resource.swift */; };
		C6A7069E25423D1B007B6CF2 /* Portfolio.swift in Sources */ = {isa = PBXBuildFile; fileRef = C6A7069D25423D1B007B6CF2 /* Portfolio.swift */; };
		C6AFB9C2252E354B00211710 /* AppDelegate.swift in Sources */ = {isa = PBXBuildFile; fileRef = C6AFB9C1252E354B00211710 /* AppDelegate.swift */; };
		C6AFB9C4252E354B00211710 /* SceneDelegate.swift in Sources */ = {isa = PBXBuildFile; fileRef = C6AFB9C3252E354B00211710 /* SceneDelegate.swift */; };
		C6AFB9C6252E354B00211710 /* HomeFeedViewController.swift in Sources */ = {isa = PBXBuildFile; fileRef = C6AFB9C5252E354B00211710 /* HomeFeedViewController.swift */; };
		C6AFB9C9252E354B00211710 /* Main.storyboard in Resources */ = {isa = PBXBuildFile; fileRef = C6AFB9C7252E354B00211710 /* Main.storyboard */; };
		C6AFB9CB252E354C00211710 /* Assets.xcassets in Resources */ = {isa = PBXBuildFile; fileRef = C6AFB9CA252E354C00211710 /* Assets.xcassets */; };
		C6AFB9CE252E354C00211710 /* LaunchScreen.storyboard in Resources */ = {isa = PBXBuildFile; fileRef = C6AFB9CC252E354C00211710 /* LaunchScreen.storyboard */; };
		C6AFB9D9252E354D00211710 /* ArtistSocialMediaTests.swift in Sources */ = {isa = PBXBuildFile; fileRef = C6AFB9D8252E354D00211710 /* ArtistSocialMediaTests.swift */; };
		C6AFB9E8252E45FE00211710 /* GoogleService-Info.plist in Resources */ = {isa = PBXBuildFile; fileRef = C6AFB9E7252E45FE00211710 /* GoogleService-Info.plist */; };
/* End PBXBuildFile section */

/* Begin PBXContainerItemProxy section */
		C6AFB9D5252E354D00211710 /* PBXContainerItemProxy */ = {
			isa = PBXContainerItemProxy;
			containerPortal = C6AFB9B6252E354B00211710 /* Project object */;
			proxyType = 1;
			remoteGlobalIDString = C6AFB9BD252E354B00211710;
			remoteInfo = ArtistSocialMedia;
		};
/* End PBXContainerItemProxy section */

/* Begin PBXFileReference section */
		0CF4FEA6A1EAEAAABF551557 /* Pods-ArtistSocialMediaTests.debug.xcconfig */ = {isa = PBXFileReference; includeInIndex = 1; lastKnownFileType = text.xcconfig; name = "Pods-ArtistSocialMediaTests.debug.xcconfig"; path = "Target Support Files/Pods-ArtistSocialMediaTests/Pods-ArtistSocialMediaTests.debug.xcconfig"; sourceTree = "<group>"; };
		82CCA886347EC288F44D36BD /* Pods-ArtistSocialMedia.debug.xcconfig */ = {isa = PBXFileReference; includeInIndex = 1; lastKnownFileType = text.xcconfig; name = "Pods-ArtistSocialMedia.debug.xcconfig"; path = "Target Support Files/Pods-ArtistSocialMedia/Pods-ArtistSocialMedia.debug.xcconfig"; sourceTree = "<group>"; };
		94D925BFB03BA5FBC5BA6B99 /* Pods_ArtistSocialMediaTests.framework */ = {isa = PBXFileReference; explicitFileType = wrapper.framework; includeInIndex = 0; path = Pods_ArtistSocialMediaTests.framework; sourceTree = BUILT_PRODUCTS_DIR; };
		9DC696735D879E35E1D3CB0F /* Pods_ArtistSocialMedia.framework */ = {isa = PBXFileReference; explicitFileType = wrapper.framework; includeInIndex = 0; path = Pods_ArtistSocialMedia.framework; sourceTree = BUILT_PRODUCTS_DIR; };
		C2A4540826B4E5365364DD61 /* Pods-ArtistSocialMedia.release.xcconfig */ = {isa = PBXFileReference; includeInIndex = 1; lastKnownFileType = text.xcconfig; name = "Pods-ArtistSocialMedia.release.xcconfig"; path = "Target Support Files/Pods-ArtistSocialMedia/Pods-ArtistSocialMedia.release.xcconfig"; sourceTree = "<group>"; };
		C6276928252E465D003657A1 /* GoogleService-Info.plist */ = {isa = PBXFileReference; fileEncoding = 4; lastKnownFileType = text.plist.xml; path = "GoogleService-Info.plist"; sourceTree = "<group>"; };
		C62ECEA5253DFD2E008F505E /* PostCell.swift */ = {isa = PBXFileReference; lastKnownFileType = sourcecode.swift; path = PostCell.swift; sourceTree = "<group>"; };
		C62ECEA7253DFD41008F505E /* PostCell.xib */ = {isa = PBXFileReference; lastKnownFileType = file.xib; path = PostCell.xib; sourceTree = "<group>"; };
		C62ECEAB253E02CE008F505E /* CreatePostViewController.swift */ = {isa = PBXFileReference; lastKnownFileType = sourcecode.swift; path = CreatePostViewController.swift; sourceTree = "<group>"; };
		C62ECEAD253E02E2008F505E /* Post.swift */ = {isa = PBXFileReference; lastKnownFileType = sourcecode.swift; path = Post.swift; sourceTree = "<group>"; };
		C62ECEAF253E02EA008F505E /* User.swift */ = {isa = PBXFileReference; lastKnownFileType = sourcecode.swift; path = User.swift; sourceTree = "<group>"; };
		C62ECEB1253E02F5008F505E /* Opportunity.swift */ = {isa = PBXFileReference; lastKnownFileType = sourcecode.swift; path = Opportunity.swift; sourceTree = "<group>"; };
		C62ECEB5253E05F9008F505E /* AuthenticationSession.swift */ = {isa = PBXFileReference; lastKnownFileType = sourcecode.swift; path = AuthenticationSession.swift; sourceTree = "<group>"; };
		C62ECEB7253E0610008F505E /* DatabaseService.swift */ = {isa = PBXFileReference; lastKnownFileType = sourcecode.swift; path = DatabaseService.swift; sourceTree = "<group>"; };
		C62ECEB9253E0626008F505E /* UserDatabaseSession.swift */ = {isa = PBXFileReference; lastKnownFileType = sourcecode.swift; path = UserDatabaseSession.swift; sourceTree = "<group>"; };
		C62ECEBB253E0637008F505E /* PostDatabaseSession.swift */ = {isa = PBXFileReference; lastKnownFileType = sourcecode.swift; path = PostDatabaseSession.swift; sourceTree = "<group>"; };
		C62ECEBD253E0673008F505E /* OpportunityDatabaseSession.swift */ = {isa = PBXFileReference; lastKnownFileType = sourcecode.swift; path = OpportunityDatabaseSession.swift; sourceTree = "<group>"; };
		C62ECEBF253E0E34008F505E /* Resource.swift */ = {isa = PBXFileReference; lastKnownFileType = sourcecode.swift; path = Resource.swift; sourceTree = "<group>"; };
		C6A7069D25423D1B007B6CF2 /* Portfolio.swift */ = {isa = PBXFileReference; lastKnownFileType = sourcecode.swift; path = Portfolio.swift; sourceTree = "<group>"; };
		C6AFB9BE252E354B00211710 /* ArtistSocialMedia.app */ = {isa = PBXFileReference; explicitFileType = wrapper.application; includeInIndex = 0; path = ArtistSocialMedia.app; sourceTree = BUILT_PRODUCTS_DIR; };
		C6AFB9C1252E354B00211710 /* AppDelegate.swift */ = {isa = PBXFileReference; lastKnownFileType = sourcecode.swift; path = AppDelegate.swift; sourceTree = "<group>"; };
		C6AFB9C3252E354B00211710 /* SceneDelegate.swift */ = {isa = PBXFileReference; lastKnownFileType = sourcecode.swift; path = SceneDelegate.swift; sourceTree = "<group>"; };
		C6AFB9C5252E354B00211710 /* HomeFeedViewController.swift */ = {isa = PBXFileReference; lastKnownFileType = sourcecode.swift; path = HomeFeedViewController.swift; sourceTree = "<group>"; };
		C6AFB9C8252E354B00211710 /* Base */ = {isa = PBXFileReference; lastKnownFileType = file.storyboard; name = Base; path = Base.lproj/Main.storyboard; sourceTree = "<group>"; };
		C6AFB9CA252E354C00211710 /* Assets.xcassets */ = {isa = PBXFileReference; lastKnownFileType = folder.assetcatalog; path = Assets.xcassets; sourceTree = "<group>"; };
		C6AFB9CD252E354C00211710 /* Base */ = {isa = PBXFileReference; lastKnownFileType = file.storyboard; name = Base; path = Base.lproj/LaunchScreen.storyboard; sourceTree = "<group>"; };
		C6AFB9CF252E354C00211710 /* Info.plist */ = {isa = PBXFileReference; lastKnownFileType = text.plist.xml; path = Info.plist; sourceTree = "<group>"; };
		C6AFB9D4252E354D00211710 /* ArtistSocialMediaTests.xctest */ = {isa = PBXFileReference; explicitFileType = wrapper.cfbundle; includeInIndex = 0; path = ArtistSocialMediaTests.xctest; sourceTree = BUILT_PRODUCTS_DIR; };
		C6AFB9D8252E354D00211710 /* ArtistSocialMediaTests.swift */ = {isa = PBXFileReference; lastKnownFileType = sourcecode.swift; path = ArtistSocialMediaTests.swift; sourceTree = "<group>"; };
		C6AFB9DA252E354D00211710 /* Info.plist */ = {isa = PBXFileReference; lastKnownFileType = text.plist.xml; path = Info.plist; sourceTree = "<group>"; };
		C6AFB9E7252E45FE00211710 /* GoogleService-Info.plist */ = {isa = PBXFileReference; fileEncoding = 4; lastKnownFileType = text.plist.xml; path = "GoogleService-Info.plist"; sourceTree = "<group>"; };
		D8D51446982E421660402AE4 /* Pods-ArtistSocialMediaTests.release.xcconfig */ = {isa = PBXFileReference; includeInIndex = 1; lastKnownFileType = text.xcconfig; name = "Pods-ArtistSocialMediaTests.release.xcconfig"; path = "Target Support Files/Pods-ArtistSocialMediaTests/Pods-ArtistSocialMediaTests.release.xcconfig"; sourceTree = "<group>"; };
/* End PBXFileReference section */

/* Begin PBXFrameworksBuildPhase section */
		C6AFB9BB252E354B00211710 /* Frameworks */ = {
			isa = PBXFrameworksBuildPhase;
			buildActionMask = 2147483647;
			files = (
				7207BFBDA5FDD648605D67B0 /* Pods_ArtistSocialMedia.framework in Frameworks */,
			);
			runOnlyForDeploymentPostprocessing = 0;
		};
		C6AFB9D1252E354D00211710 /* Frameworks */ = {
			isa = PBXFrameworksBuildPhase;
			buildActionMask = 2147483647;
			files = (
				7FCA44B00BDCA41C3105B806 /* Pods_ArtistSocialMediaTests.framework in Frameworks */,
			);
			runOnlyForDeploymentPostprocessing = 0;
		};
/* End PBXFrameworksBuildPhase section */

/* Begin PBXGroup section */
		1203C96054834CAB3B303C6D /* Frameworks */ = {
			isa = PBXGroup;
			children = (
				9DC696735D879E35E1D3CB0F /* Pods_ArtistSocialMedia.framework */,
				94D925BFB03BA5FBC5BA6B99 /* Pods_ArtistSocialMediaTests.framework */,
			);
			name = Frameworks;
			sourceTree = "<group>";
		};
		5CA7534469B72EE4C17B24F3 /* Pods */ = {
			isa = PBXGroup;
			children = (
				82CCA886347EC288F44D36BD /* Pods-ArtistSocialMedia.debug.xcconfig */,
				C2A4540826B4E5365364DD61 /* Pods-ArtistSocialMedia.release.xcconfig */,
				0CF4FEA6A1EAEAAABF551557 /* Pods-ArtistSocialMediaTests.debug.xcconfig */,
				D8D51446982E421660402AE4 /* Pods-ArtistSocialMediaTests.release.xcconfig */,
			);
			path = Pods;
			sourceTree = "<group>";
		};
		C62ECEA9253E0284008F505E /* PostCell */ = {
			isa = PBXGroup;
			children = (
				C62ECEA5253DFD2E008F505E /* PostCell.swift */,
				C62ECEA7253DFD41008F505E /* PostCell.xib */,
			);
			path = PostCell;
			sourceTree = "<group>";
		};
		C62ECEB3253E02F9008F505E /* Models */ = {
			isa = PBXGroup;
			children = (
				C62ECEAD253E02E2008F505E /* Post.swift */,
				C62ECEAF253E02EA008F505E /* User.swift */,
				C6A7069D25423D1B007B6CF2 /* Portfolio.swift */,
				C62ECEB1253E02F5008F505E /* Opportunity.swift */,
				C62ECEBF253E0E34008F505E /* Resource.swift */,
			);
			path = Models;
			sourceTree = "<group>";
		};
		C62ECEB4253E057C008F505E /* FirebaseServices */ = {
			isa = PBXGroup;
			children = (
				C62ECEB5253E05F9008F505E /* AuthenticationSession.swift */,
				C62ECEC1253E1140008F505E /* DatabaseService */,
			);
			path = FirebaseServices;
			sourceTree = "<group>";
		};
		C62ECEC1253E1140008F505E /* DatabaseService */ = {
			isa = PBXGroup;
			children = (
				C62ECEB7253E0610008F505E /* DatabaseService.swift */,
				C62ECEB9253E0626008F505E /* UserDatabaseSession.swift */,
				C62ECEBB253E0637008F505E /* PostDatabaseSession.swift */,
				C62ECEBD253E0673008F505E /* OpportunityDatabaseSession.swift */,
			);
			path = DatabaseService;
			sourceTree = "<group>";
		};
		C6AFB9B5252E354B00211710 = {
			isa = PBXGroup;
			children = (
				C6AFB9C0252E354B00211710 /* ArtistSocialMedia */,
				C6AFB9D7252E354D00211710 /* ArtistSocialMediaTests */,
				C6AFB9BF252E354B00211710 /* Products */,
				5CA7534469B72EE4C17B24F3 /* Pods */,
				1203C96054834CAB3B303C6D /* Frameworks */,
			);
			sourceTree = "<group>";
		};
		C6AFB9BF252E354B00211710 /* Products */ = {
			isa = PBXGroup;
			children = (
				C6AFB9BE252E354B00211710 /* ArtistSocialMedia.app */,
				C6AFB9D4252E354D00211710 /* ArtistSocialMediaTests.xctest */,
			);
			name = Products;
			sourceTree = "<group>";
		};
		C6AFB9C0252E354B00211710 /* ArtistSocialMedia */ = {
			isa = PBXGroup;
			children = (
				C6AFB9C1252E354B00211710 /* AppDelegate.swift */,
				C6AFB9C3252E354B00211710 /* SceneDelegate.swift */,
				C62ECEB4253E057C008F505E /* FirebaseServices */,
				C62ECEB3253E02F9008F505E /* Models */,
				C6AFB9E3252E425A00211710 /* ViewControllers */,
				C6AFB9C7252E354B00211710 /* Main.storyboard */,
				C6AFB9CA252E354C00211710 /* Assets.xcassets */,
				C6AFB9CC252E354C00211710 /* LaunchScreen.storyboard */,
				C6AFB9CF252E354C00211710 /* Info.plist */,
				C6276928252E465D003657A1 /* GoogleService-Info.plist */,
			);
			path = ArtistSocialMedia;
			sourceTree = "<group>";
		};
		C6AFB9D7252E354D00211710 /* ArtistSocialMediaTests */ = {
			isa = PBXGroup;
			children = (
				C6AFB9D8252E354D00211710 /* ArtistSocialMediaTests.swift */,
				C6AFB9DA252E354D00211710 /* Info.plist */,
				C6AFB9E7252E45FE00211710 /* GoogleService-Info.plist */,
			);
			path = ArtistSocialMediaTests;
			sourceTree = "<group>";
		};
		C6AFB9E3252E425A00211710 /* ViewControllers */ = {
			isa = PBXGroup;
			children = (
				C6AFB9E4252E42A600211710 /* Social */,
			);
			path = ViewControllers;
			sourceTree = "<group>";
		};
		C6AFB9E4252E42A600211710 /* Social */ = {
			isa = PBXGroup;
			children = (
				C6AFB9C5252E354B00211710 /* HomeFeedViewController.swift */,
				C62ECEAB253E02CE008F505E /* CreatePostViewController.swift */,
				C62ECEA9253E0284008F505E /* PostCell */,
			);
			path = Social;
			sourceTree = "<group>";
		};
/* End PBXGroup section */

/* Begin PBXNativeTarget section */
		C6AFB9BD252E354B00211710 /* ArtistSocialMedia */ = {
			isa = PBXNativeTarget;
			buildConfigurationList = C6AFB9DD252E354D00211710 /* Build configuration list for PBXNativeTarget "ArtistSocialMedia" */;
			buildPhases = (
				9E45E688A2910111DC7EBE72 /* [CP] Check Pods Manifest.lock */,
				C6AFB9BA252E354B00211710 /* Sources */,
				C6AFB9BB252E354B00211710 /* Frameworks */,
				C6AFB9BC252E354B00211710 /* Resources */,
				B06A264C6C3E75EE67989E19 /* [CP] Embed Pods Frameworks */,
			);
			buildRules = (
			);
			dependencies = (
			);
			name = ArtistSocialMedia;
			productName = ArtistSocialMedia;
			productReference = C6AFB9BE252E354B00211710 /* ArtistSocialMedia.app */;
			productType = "com.apple.product-type.application";
		};
		C6AFB9D3252E354D00211710 /* ArtistSocialMediaTests */ = {
			isa = PBXNativeTarget;
			buildConfigurationList = C6AFB9E0252E354D00211710 /* Build configuration list for PBXNativeTarget "ArtistSocialMediaTests" */;
			buildPhases = (
				79D8F2238AACB2C5072B471B /* [CP] Check Pods Manifest.lock */,
				C6AFB9D0252E354D00211710 /* Sources */,
				C6AFB9D1252E354D00211710 /* Frameworks */,
				C6AFB9D2252E354D00211710 /* Resources */,
				C9E5F21B823053B28534DEB0 /* [CP] Embed Pods Frameworks */,
			);
			buildRules = (
			);
			dependencies = (
				C6AFB9D6252E354D00211710 /* PBXTargetDependency */,
			);
			name = ArtistSocialMediaTests;
			productName = ArtistSocialMediaTests;
			productReference = C6AFB9D4252E354D00211710 /* ArtistSocialMediaTests.xctest */;
			productType = "com.apple.product-type.bundle.unit-test";
		};
/* End PBXNativeTarget section */

/* Begin PBXProject section */
		C6AFB9B6252E354B00211710 /* Project object */ = {
			isa = PBXProject;
			attributes = {
				LastSwiftUpdateCheck = 1170;
				LastUpgradeCheck = 1170;
				ORGANIZATIONNAME = "casandra grullon";
				TargetAttributes = {
					C6AFB9BD252E354B00211710 = {
						CreatedOnToolsVersion = 11.7;
					};
					C6AFB9D3252E354D00211710 = {
						CreatedOnToolsVersion = 11.7;
						TestTargetID = C6AFB9BD252E354B00211710;
					};
				};
			};
			buildConfigurationList = C6AFB9B9252E354B00211710 /* Build configuration list for PBXProject "ArtistSocialMedia" */;
			compatibilityVersion = "Xcode 9.3";
			developmentRegion = en;
			hasScannedForEncodings = 0;
			knownRegions = (
				en,
				Base,
			);
			mainGroup = C6AFB9B5252E354B00211710;
			productRefGroup = C6AFB9BF252E354B00211710 /* Products */;
			projectDirPath = "";
			projectRoot = "";
			targets = (
				C6AFB9BD252E354B00211710 /* ArtistSocialMedia */,
				C6AFB9D3252E354D00211710 /* ArtistSocialMediaTests */,
			);
		};
/* End PBXProject section */

/* Begin PBXResourcesBuildPhase section */
		C6AFB9BC252E354B00211710 /* Resources */ = {
			isa = PBXResourcesBuildPhase;
			buildActionMask = 2147483647;
			files = (
				C6AFB9CE252E354C00211710 /* LaunchScreen.storyboard in Resources */,
				C6276929252E465D003657A1 /* GoogleService-Info.plist in Resources */,
				C62ECEA8253DFD41008F505E /* PostCell.xib in Resources */,
				C6AFB9CB252E354C00211710 /* Assets.xcassets in Resources */,
				C6AFB9C9252E354B00211710 /* Main.storyboard in Resources */,
			);
			runOnlyForDeploymentPostprocessing = 0;
		};
		C6AFB9D2252E354D00211710 /* Resources */ = {
			isa = PBXResourcesBuildPhase;
			buildActionMask = 2147483647;
			files = (
				C6AFB9E8252E45FE00211710 /* GoogleService-Info.plist in Resources */,
			);
			runOnlyForDeploymentPostprocessing = 0;
		};
/* End PBXResourcesBuildPhase section */

/* Begin PBXShellScriptBuildPhase section */
		79D8F2238AACB2C5072B471B /* [CP] Check Pods Manifest.lock */ = {
			isa = PBXShellScriptBuildPhase;
			buildActionMask = 2147483647;
			files = (
			);
			inputFileListPaths = (
			);
			inputPaths = (
				"${PODS_PODFILE_DIR_PATH}/Podfile.lock",
				"${PODS_ROOT}/Manifest.lock",
			);
			name = "[CP] Check Pods Manifest.lock";
			outputFileListPaths = (
			);
			outputPaths = (
				"$(DERIVED_FILE_DIR)/Pods-ArtistSocialMediaTests-checkManifestLockResult.txt",
			);
			runOnlyForDeploymentPostprocessing = 0;
			shellPath = /bin/sh;
			shellScript = "diff \"${PODS_PODFILE_DIR_PATH}/Podfile.lock\" \"${PODS_ROOT}/Manifest.lock\" > /dev/null\nif [ $? != 0 ] ; then\n    # print error to STDERR\n    echo \"error: The sandbox is not in sync with the Podfile.lock. Run 'pod install' or update your CocoaPods installation.\" >&2\n    exit 1\nfi\n# This output is used by Xcode 'outputs' to avoid re-running this script phase.\necho \"SUCCESS\" > \"${SCRIPT_OUTPUT_FILE_0}\"\n";
			showEnvVarsInLog = 0;
		};
		9E45E688A2910111DC7EBE72 /* [CP] Check Pods Manifest.lock */ = {
			isa = PBXShellScriptBuildPhase;
			buildActionMask = 2147483647;
			files = (
			);
			inputFileListPaths = (
			);
			inputPaths = (
				"${PODS_PODFILE_DIR_PATH}/Podfile.lock",
				"${PODS_ROOT}/Manifest.lock",
			);
			name = "[CP] Check Pods Manifest.lock";
			outputFileListPaths = (
			);
			outputPaths = (
				"$(DERIVED_FILE_DIR)/Pods-ArtistSocialMedia-checkManifestLockResult.txt",
			);
			runOnlyForDeploymentPostprocessing = 0;
			shellPath = /bin/sh;
			shellScript = "diff \"${PODS_PODFILE_DIR_PATH}/Podfile.lock\" \"${PODS_ROOT}/Manifest.lock\" > /dev/null\nif [ $? != 0 ] ; then\n    # print error to STDERR\n    echo \"error: The sandbox is not in sync with the Podfile.lock. Run 'pod install' or update your CocoaPods installation.\" >&2\n    exit 1\nfi\n# This output is used by Xcode 'outputs' to avoid re-running this script phase.\necho \"SUCCESS\" > \"${SCRIPT_OUTPUT_FILE_0}\"\n";
			showEnvVarsInLog = 0;
		};
		B06A264C6C3E75EE67989E19 /* [CP] Embed Pods Frameworks */ = {
			isa = PBXShellScriptBuildPhase;
			buildActionMask = 2147483647;
			files = (
			);
			inputFileListPaths = (
				"${PODS_ROOT}/Target Support Files/Pods-ArtistSocialMedia/Pods-ArtistSocialMedia-frameworks-${CONFIGURATION}-input-files.xcfilelist",
			);
			name = "[CP] Embed Pods Frameworks";
			outputFileListPaths = (
				"${PODS_ROOT}/Target Support Files/Pods-ArtistSocialMedia/Pods-ArtistSocialMedia-frameworks-${CONFIGURATION}-output-files.xcfilelist",
			);
			runOnlyForDeploymentPostprocessing = 0;
			shellPath = /bin/sh;
			shellScript = "\"${PODS_ROOT}/Target Support Files/Pods-ArtistSocialMedia/Pods-ArtistSocialMedia-frameworks.sh\"\n";
			showEnvVarsInLog = 0;
		};
		C9E5F21B823053B28534DEB0 /* [CP] Embed Pods Frameworks */ = {
			isa = PBXShellScriptBuildPhase;
			buildActionMask = 2147483647;
			files = (
			);
			inputFileListPaths = (
				"${PODS_ROOT}/Target Support Files/Pods-ArtistSocialMediaTests/Pods-ArtistSocialMediaTests-frameworks-${CONFIGURATION}-input-files.xcfilelist",
			);
			name = "[CP] Embed Pods Frameworks";
			outputFileListPaths = (
				"${PODS_ROOT}/Target Support Files/Pods-ArtistSocialMediaTests/Pods-ArtistSocialMediaTests-frameworks-${CONFIGURATION}-output-files.xcfilelist",
			);
			runOnlyForDeploymentPostprocessing = 0;
			shellPath = /bin/sh;
			shellScript = "\"${PODS_ROOT}/Target Support Files/Pods-ArtistSocialMediaTests/Pods-ArtistSocialMediaTests-frameworks.sh\"\n";
			showEnvVarsInLog = 0;
		};
/* End PBXShellScriptBuildPhase section */

/* Begin PBXSourcesBuildPhase section */
		C6AFB9BA252E354B00211710 /* Sources */ = {
			isa = PBXSourcesBuildPhase;
			buildActionMask = 2147483647;
			files = (
				C62ECEAC253E02CE008F505E /* CreatePostViewController.swift in Sources */,
				C62ECEB6253E05F9008F505E /* AuthenticationSession.swift in Sources */,
				C62ECEB2253E02F5008F505E /* Opportunity.swift in Sources */,
				C6AFB9C6252E354B00211710 /* HomeFeedViewController.swift in Sources */,
				C6AFB9C2252E354B00211710 /* AppDelegate.swift in Sources */,
				C62ECEAE253E02E2008F505E /* Post.swift in Sources */,
				C62ECEB8253E0610008F505E /* DatabaseService.swift in Sources */,
				C62ECEBE253E0673008F505E /* OpportunityDatabaseSession.swift in Sources */,
				C62ECEBC253E0637008F505E /* PostDatabaseSession.swift in Sources */,
				C6A7069E25423D1B007B6CF2 /* Portfolio.swift in Sources */,
				C6AFB9C4252E354B00211710 /* SceneDelegate.swift in Sources */,
				C62ECEA6253DFD2E008F505E /* PostCell.swift in Sources */,
				C62ECEB0253E02EA008F505E /* User.swift in Sources */,
				C62ECEBA253E0626008F505E /* UserDatabaseSession.swift in Sources */,
				C62ECEC0253E0E34008F505E /* Resource.swift in Sources */,
			);
			runOnlyForDeploymentPostprocessing = 0;
		};
		C6AFB9D0252E354D00211710 /* Sources */ = {
			isa = PBXSourcesBuildPhase;
			buildActionMask = 2147483647;
			files = (
				C6AFB9D9252E354D00211710 /* ArtistSocialMediaTests.swift in Sources */,
			);
			runOnlyForDeploymentPostprocessing = 0;
		};
/* End PBXSourcesBuildPhase section */

/* Begin PBXTargetDependency section */
		C6AFB9D6252E354D00211710 /* PBXTargetDependency */ = {
			isa = PBXTargetDependency;
			target = C6AFB9BD252E354B00211710 /* ArtistSocialMedia */;
			targetProxy = C6AFB9D5252E354D00211710 /* PBXContainerItemProxy */;
		};
/* End PBXTargetDependency section */

/* Begin PBXVariantGroup section */
		C6AFB9C7252E354B00211710 /* Main.storyboard */ = {
			isa = PBXVariantGroup;
			children = (
				C6AFB9C8252E354B00211710 /* Base */,
			);
			name = Main.storyboard;
			sourceTree = "<group>";
		};
		C6AFB9CC252E354C00211710 /* LaunchScreen.storyboard */ = {
			isa = PBXVariantGroup;
			children = (
				C6AFB9CD252E354C00211710 /* Base */,
			);
			name = LaunchScreen.storyboard;
			sourceTree = "<group>";
		};
/* End PBXVariantGroup section */

/* Begin XCBuildConfiguration section */
		C6AFB9DB252E354D00211710 /* Debug */ = {
			isa = XCBuildConfiguration;
			buildSettings = {
				ALWAYS_SEARCH_USER_PATHS = NO;
				CLANG_ANALYZER_NONNULL = YES;
				CLANG_ANALYZER_NUMBER_OBJECT_CONVERSION = YES_AGGRESSIVE;
				CLANG_CXX_LANGUAGE_STANDARD = "gnu++14";
				CLANG_CXX_LIBRARY = "libc++";
				CLANG_ENABLE_MODULES = YES;
				CLANG_ENABLE_OBJC_ARC = YES;
				CLANG_ENABLE_OBJC_WEAK = YES;
				CLANG_WARN_BLOCK_CAPTURE_AUTORELEASING = YES;
				CLANG_WARN_BOOL_CONVERSION = YES;
				CLANG_WARN_COMMA = YES;
				CLANG_WARN_CONSTANT_CONVERSION = YES;
				CLANG_WARN_DEPRECATED_OBJC_IMPLEMENTATIONS = YES;
				CLANG_WARN_DIRECT_OBJC_ISA_USAGE = YES_ERROR;
				CLANG_WARN_DOCUMENTATION_COMMENTS = YES;
				CLANG_WARN_EMPTY_BODY = YES;
				CLANG_WARN_ENUM_CONVERSION = YES;
				CLANG_WARN_INFINITE_RECURSION = YES;
				CLANG_WARN_INT_CONVERSION = YES;
				CLANG_WARN_NON_LITERAL_NULL_CONVERSION = YES;
				CLANG_WARN_OBJC_IMPLICIT_RETAIN_SELF = YES;
				CLANG_WARN_OBJC_LITERAL_CONVERSION = YES;
				CLANG_WARN_OBJC_ROOT_CLASS = YES_ERROR;
				CLANG_WARN_RANGE_LOOP_ANALYSIS = YES;
				CLANG_WARN_STRICT_PROTOTYPES = YES;
				CLANG_WARN_SUSPICIOUS_MOVE = YES;
				CLANG_WARN_UNGUARDED_AVAILABILITY = YES_AGGRESSIVE;
				CLANG_WARN_UNREACHABLE_CODE = YES;
				CLANG_WARN__DUPLICATE_METHOD_MATCH = YES;
				COPY_PHASE_STRIP = NO;
				DEBUG_INFORMATION_FORMAT = dwarf;
				ENABLE_STRICT_OBJC_MSGSEND = YES;
				ENABLE_TESTABILITY = YES;
				GCC_C_LANGUAGE_STANDARD = gnu11;
				GCC_DYNAMIC_NO_PIC = NO;
				GCC_NO_COMMON_BLOCKS = YES;
				GCC_OPTIMIZATION_LEVEL = 0;
				GCC_PREPROCESSOR_DEFINITIONS = (
					"DEBUG=1",
					"$(inherited)",
				);
				GCC_WARN_64_TO_32_BIT_CONVERSION = YES;
				GCC_WARN_ABOUT_RETURN_TYPE = YES_ERROR;
				GCC_WARN_UNDECLARED_SELECTOR = YES;
				GCC_WARN_UNINITIALIZED_AUTOS = YES_AGGRESSIVE;
				GCC_WARN_UNUSED_FUNCTION = YES;
				GCC_WARN_UNUSED_VARIABLE = YES;
				IPHONEOS_DEPLOYMENT_TARGET = 13.7;
				MTL_ENABLE_DEBUG_INFO = INCLUDE_SOURCE;
				MTL_FAST_MATH = YES;
				ONLY_ACTIVE_ARCH = YES;
				SDKROOT = iphoneos;
				SWIFT_ACTIVE_COMPILATION_CONDITIONS = DEBUG;
				SWIFT_OPTIMIZATION_LEVEL = "-Onone";
			};
			name = Debug;
		};
		C6AFB9DC252E354D00211710 /* Release */ = {
			isa = XCBuildConfiguration;
			buildSettings = {
				ALWAYS_SEARCH_USER_PATHS = NO;
				CLANG_ANALYZER_NONNULL = YES;
				CLANG_ANALYZER_NUMBER_OBJECT_CONVERSION = YES_AGGRESSIVE;
				CLANG_CXX_LANGUAGE_STANDARD = "gnu++14";
				CLANG_CXX_LIBRARY = "libc++";
				CLANG_ENABLE_MODULES = YES;
				CLANG_ENABLE_OBJC_ARC = YES;
				CLANG_ENABLE_OBJC_WEAK = YES;
				CLANG_WARN_BLOCK_CAPTURE_AUTORELEASING = YES;
				CLANG_WARN_BOOL_CONVERSION = YES;
				CLANG_WARN_COMMA = YES;
				CLANG_WARN_CONSTANT_CONVERSION = YES;
				CLANG_WARN_DEPRECATED_OBJC_IMPLEMENTATIONS = YES;
				CLANG_WARN_DIRECT_OBJC_ISA_USAGE = YES_ERROR;
				CLANG_WARN_DOCUMENTATION_COMMENTS = YES;
				CLANG_WARN_EMPTY_BODY = YES;
				CLANG_WARN_ENUM_CONVERSION = YES;
				CLANG_WARN_INFINITE_RECURSION = YES;
				CLANG_WARN_INT_CONVERSION = YES;
				CLANG_WARN_NON_LITERAL_NULL_CONVERSION = YES;
				CLANG_WARN_OBJC_IMPLICIT_RETAIN_SELF = YES;
				CLANG_WARN_OBJC_LITERAL_CONVERSION = YES;
				CLANG_WARN_OBJC_ROOT_CLASS = YES_ERROR;
				CLANG_WARN_RANGE_LOOP_ANALYSIS = YES;
				CLANG_WARN_STRICT_PROTOTYPES = YES;
				CLANG_WARN_SUSPICIOUS_MOVE = YES;
				CLANG_WARN_UNGUARDED_AVAILABILITY = YES_AGGRESSIVE;
				CLANG_WARN_UNREACHABLE_CODE = YES;
				CLANG_WARN__DUPLICATE_METHOD_MATCH = YES;
				COPY_PHASE_STRIP = NO;
				DEBUG_INFORMATION_FORMAT = "dwarf-with-dsym";
				ENABLE_NS_ASSERTIONS = NO;
				ENABLE_STRICT_OBJC_MSGSEND = YES;
				GCC_C_LANGUAGE_STANDARD = gnu11;
				GCC_NO_COMMON_BLOCKS = YES;
				GCC_WARN_64_TO_32_BIT_CONVERSION = YES;
				GCC_WARN_ABOUT_RETURN_TYPE = YES_ERROR;
				GCC_WARN_UNDECLARED_SELECTOR = YES;
				GCC_WARN_UNINITIALIZED_AUTOS = YES_AGGRESSIVE;
				GCC_WARN_UNUSED_FUNCTION = YES;
				GCC_WARN_UNUSED_VARIABLE = YES;
				IPHONEOS_DEPLOYMENT_TARGET = 13.7;
				MTL_ENABLE_DEBUG_INFO = NO;
				MTL_FAST_MATH = YES;
				SDKROOT = iphoneos;
				SWIFT_COMPILATION_MODE = wholemodule;
				SWIFT_OPTIMIZATION_LEVEL = "-O";
				VALIDATE_PRODUCT = YES;
			};
			name = Release;
		};
		C6AFB9DE252E354D00211710 /* Debug */ = {
			isa = XCBuildConfiguration;
			baseConfigurationReference = 82CCA886347EC288F44D36BD /* Pods-ArtistSocialMedia.debug.xcconfig */;
			buildSettings = {
				ASSETCATALOG_COMPILER_APPICON_NAME = AppIcon;
				CODE_SIGN_STYLE = Automatic;
				DEVELOPMENT_TEAM = JRUP55ZMLQ;
				INFOPLIST_FILE = ArtistSocialMedia/Info.plist;
				LD_RUNPATH_SEARCH_PATHS = (
					"$(inherited)",
					"@executable_path/Frameworks",
				);
				PRODUCT_BUNDLE_IDENTIFIER = com.casandragrullon.ArtistSocialMedia;
				PRODUCT_NAME = "$(TARGET_NAME)";
				SWIFT_VERSION = 5.0;
				TARGETED_DEVICE_FAMILY = "1,2";
			};
			name = Debug;
		};
		C6AFB9DF252E354D00211710 /* Release */ = {
			isa = XCBuildConfiguration;
			baseConfigurationReference = C2A4540826B4E5365364DD61 /* Pods-ArtistSocialMedia.release.xcconfig */;
			buildSettings = {
				ASSETCATALOG_COMPILER_APPICON_NAME = AppIcon;
				CODE_SIGN_STYLE = Automatic;
				DEVELOPMENT_TEAM = JRUP55ZMLQ;
				INFOPLIST_FILE = ArtistSocialMedia/Info.plist;
				LD_RUNPATH_SEARCH_PATHS = (
					"$(inherited)",
					"@executable_path/Frameworks",
				);
				PRODUCT_BUNDLE_IDENTIFIER = com.casandragrullon.ArtistSocialMedia;
				PRODUCT_NAME = "$(TARGET_NAME)";
				SWIFT_VERSION = 5.0;
				TARGETED_DEVICE_FAMILY = "1,2";
			};
			name = Release;
		};
		C6AFB9E1252E354D00211710 /* Debug */ = {
			isa = XCBuildConfiguration;
			baseConfigurationReference = 0CF4FEA6A1EAEAAABF551557 /* Pods-ArtistSocialMediaTests.debug.xcconfig */;
			buildSettings = {
				ALWAYS_EMBED_SWIFT_STANDARD_LIBRARIES = YES;
				BUNDLE_LOADER = "$(TEST_HOST)";
				CODE_SIGN_STYLE = Automatic;
				DEVELOPMENT_TEAM = JRUP55ZMLQ;
				INFOPLIST_FILE = ArtistSocialMediaTests/Info.plist;
				IPHONEOS_DEPLOYMENT_TARGET = 13.7;
				LD_RUNPATH_SEARCH_PATHS = (
					"$(inherited)",
					"@executable_path/Frameworks",
					"@loader_path/Frameworks",
				);
				PRODUCT_BUNDLE_IDENTIFIER = com.casandragrullon.ArtistSocialMediaTests;
				PRODUCT_NAME = "$(TARGET_NAME)";
				SWIFT_VERSION = 5.0;
				TARGETED_DEVICE_FAMILY = "1,2";
				TEST_HOST = "$(BUILT_PRODUCTS_DIR)/ArtistSocialMedia.app/ArtistSocialMedia";
			};
			name = Debug;
		};
		C6AFB9E2252E354D00211710 /* Release */ = {
			isa = XCBuildConfiguration;
			baseConfigurationReference = D8D51446982E421660402AE4 /* Pods-ArtistSocialMediaTests.release.xcconfig */;
			buildSettings = {
				ALWAYS_EMBED_SWIFT_STANDARD_LIBRARIES = YES;
				BUNDLE_LOADER = "$(TEST_HOST)";
				CODE_SIGN_STYLE = Automatic;
				DEVELOPMENT_TEAM = JRUP55ZMLQ;
				INFOPLIST_FILE = ArtistSocialMediaTests/Info.plist;
				IPHONEOS_DEPLOYMENT_TARGET = 13.7;
				LD_RUNPATH_SEARCH_PATHS = (
					"$(inherited)",
					"@executable_path/Frameworks",
					"@loader_path/Frameworks",
				);
				PRODUCT_BUNDLE_IDENTIFIER = com.casandragrullon.ArtistSocialMediaTests;
				PRODUCT_NAME = "$(TARGET_NAME)";
				SWIFT_VERSION = 5.0;
				TARGETED_DEVICE_FAMILY = "1,2";
				TEST_HOST = "$(BUILT_PRODUCTS_DIR)/ArtistSocialMedia.app/ArtistSocialMedia";
			};
			name = Release;
		};
/* End XCBuildConfiguration section */

/* Begin XCConfigurationList section */
		C6AFB9B9252E354B00211710 /* Build configuration list for PBXProject "ArtistSocialMedia" */ = {
			isa = XCConfigurationList;
			buildConfigurations = (
				C6AFB9DB252E354D00211710 /* Debug */,
				C6AFB9DC252E354D00211710 /* Release */,
			);
			defaultConfigurationIsVisible = 0;
			defaultConfigurationName = Release;
		};
		C6AFB9DD252E354D00211710 /* Build configuration list for PBXNativeTarget "ArtistSocialMedia" */ = {
			isa = XCConfigurationList;
			buildConfigurations = (
				C6AFB9DE252E354D00211710 /* Debug */,
				C6AFB9DF252E354D00211710 /* Release */,
			);
			defaultConfigurationIsVisible = 0;
			defaultConfigurationName = Release;
		};
		C6AFB9E0252E354D00211710 /* Build configuration list for PBXNativeTarget "ArtistSocialMediaTests" */ = {
			isa = XCConfigurationList;
			buildConfigurations = (
				C6AFB9E1252E354D00211710 /* Debug */,
				C6AFB9E2252E354D00211710 /* Release */,
			);
			defaultConfigurationIsVisible = 0;
			defaultConfigurationName = Release;
		};
/* End XCConfigurationList section */
	};
	rootObject = C6AFB9B6252E354B00211710 /* Project object */;
}
